
Microsoft Visual Studio Solution File, Format Version 12.00
# Visual Studio Version 16
VisualStudioVersion = 16.0.32929.386
MinimumVisualStudioVersion = 10.0.40219.1
Project("{FAE04EC0-301F-11D3-BF4B-00C04F79EFBC}") = "ClockAngle", "ClockAngle\ClockAngle.csproj", "{A92B6D92-C024-404C-946E-59070943F850}"
EndProject
Global
	GlobalSection(SolutionConfigurationPlatforms) = preSolution
		Debug|Any CPU = Debug|Any CPU
		Release|Any CPU = Release|Any CPU
	EndGlobalSection
	GlobalSection(ProjectConfigurationPlatforms) = postSolution
		{A92B6D92-C024-404C-946E-59070943F850}.Debug|Any CPU.ActiveCfg = Debug|Any CPU
		{A92B6D92-C024-404C-946E-59070943F850}.Debug|Any CPU.Build.0 = Debug|Any CPU
		{A92B6D92-C024-404C-946E-59070943F850}.Release|Any CPU.ActiveCfg = Release|Any CPU
		{A92B6D92-C024-404C-946E-59070943F850}.Release|Any CPU.Build.0 = Release|Any CPU
	EndGlobalSection
	GlobalSection(SolutionProperties) = preSolution
		HideSolutionNode = FALSE
	EndGlobalSection
	GlobalSection(ExtensibilityGlobals) = postSolution
		SolutionGuid = {2C59ACF0-EDB8-4053-8F15-4CEE301742F7}
	EndGlobalSection
EndGlobal
